
Microsoft Visual Studio Solution File, Format Version 12.00
# Visual Studio Version 17
VisualStudioVersion = 17.3.32929.385
MinimumVisualStudioVersion = 10.0.40219.1
Project("{FAE04EC0-301F-11D3-BF4B-00C04F79EFBC}") = "ST10090990_Part2", "ST10090990_Part2.csproj", "{1CE7DB96-9FC8-4246-A341-D87D4B4329A5}"
EndProject
Project("{FAE04EC0-301F-11D3-BF4B-00C04F79EFBC}") = "ST10090990_PART2_APP", "..\ST10090990_PART2_APP\ST10090990_PART2_APP.csproj", "{8F1ABDE8-0D27-4A5C-8240-739ADC6236F3}"
EndProject
Global
	GlobalSection(SolutionConfigurationPlatforms) = preSolution
		Debug|Any CPU = Debug|Any CPU
		Release|Any CPU = Release|Any CPU
	EndGlobalSection
	GlobalSection(ProjectConfigurationPlatforms) = postSolution
		{1CE7DB96-9FC8-4246-A341-D87D4B4329A5}.Debug|Any CPU.ActiveCfg = Debug|Any CPU
		{1CE7DB96-9FC8-4246-A341-D87D4B4329A5}.Debug|Any CPU.Build.0 = Debug|Any CPU
		{1CE7DB96-9FC8-4246-A341-D87D4B4329A5}.Release|Any CPU.ActiveCfg = Release|Any CPU
		{1CE7DB96-9FC8-4246-A341-D87D4B4329A5}.Release|Any CPU.Build.0 = Release|Any CPU
		{8F1ABDE8-0D27-4A5C-8240-739ADC6236F3}.Debug|Any CPU.ActiveCfg = Debug|Any CPU
		{8F1ABDE8-0D27-4A5C-8240-739ADC6236F3}.Debug|Any CPU.Build.0 = Debug|Any CPU
		{8F1ABDE8-0D27-4A5C-8240-739ADC6236F3}.Release|Any CPU.ActiveCfg = Release|Any CPU
		{8F1ABDE8-0D27-4A5C-8240-739ADC6236F3}.Release|Any CPU.Build.0 = Release|Any CPU
	EndGlobalSection
	GlobalSection(SolutionProperties) = preSolution
		HideSolutionNode = FALSE
	EndGlobalSection
	GlobalSection(ExtensibilityGlobals) = postSolution
		SolutionGuid = {8C6740B5-927B-4AAF-9B00-DDB7091FE3EB}
	EndGlobalSection
EndGlobal
